
Microsoft Visual Studio Solution File, Format Version 12.00
# Visual Studio Version 17
VisualStudioVersion = 17.6.33723.286
MinimumVisualStudioVersion = 10.0.40219.1
Project("{FAE04EC0-301F-11D3-BF4B-00C04F79EFBC}") = "LINQ2Final", "LINQ2Final\LINQ2Final.csproj", "{201C4E94-64FD-4C54-AEA4-E180AAE19D4D}"
EndProject
Global
	GlobalSection(SolutionConfigurationPlatforms) = preSolution
		Debug|Any CPU = Debug|Any CPU
		Release|Any CPU = Release|Any CPU
	EndGlobalSection
	GlobalSection(ProjectConfigurationPlatforms) = postSolution
		{201C4E94-64FD-4C54-AEA4-E180AAE19D4D}.Debug|Any CPU.ActiveCfg = Debug|Any CPU
		{201C4E94-64FD-4C54-AEA4-E180AAE19D4D}.Debug|Any CPU.Build.0 = Debug|Any CPU
		{201C4E94-64FD-4C54-AEA4-E180AAE19D4D}.Release|Any CPU.ActiveCfg = Release|Any CPU
		{201C4E94-64FD-4C54-AEA4-E180AAE19D4D}.Release|Any CPU.Build.0 = Release|Any CPU
	EndGlobalSection
	GlobalSection(SolutionProperties) = preSolution
		HideSolutionNode = FALSE
	EndGlobalSection
	GlobalSection(ExtensibilityGlobals) = postSolution
		SolutionGuid = {38FD1EAD-CD04-412E-AEB8-217102A47033}
	EndGlobalSection
EndGlobal
